// !$*UTF8*$!
{
	archiveVersion = 1;
	classes = {
	};
	objectVersion = 48;
	objects = {

/* Begin PBXBuildFile section */
		FB5A71321F88F7FD00A04785 /* main.swift in Sources */ = {isa = PBXBuildFile; fileRef = FB5A71311F88F7FD00A04785 /* main.swift */; };
		FB5A71391F88F82A00A04785 /* Exchanger.swift in Sources */ = {isa = PBXBuildFile; fileRef = FB5A71381F88F82A00A04785 /* Exchanger.swift */; };
		FB5A713B1F88F99F00A04785 /* String.swift in Sources */ = {isa = PBXBuildFile; fileRef = FB5A713A1F88F99F00A04785 /* String.swift */; };
		FB5A71411F89073400A04785 /* ExchangeConsole.swift in Sources */ = {isa = PBXBuildFile; fileRef = FB5A71401F89073400A04785 /* ExchangeConsole.swift */; };
		FB5A71451F89094700A04785 /* Counter.swift in Sources */ = {isa = PBXBuildFile; fileRef = FB5A71441F89094700A04785 /* Counter.swift */; };
		FB5A71471F890EA200A04785 /* Defaults.swift in Sources */ = {isa = PBXBuildFile; fileRef = FB5A71461F890EA200A04785 /* Defaults.swift */; };
/* End PBXBuildFile section */

/* Begin PBXCopyFilesBuildPhase section */
		FB5A712C1F88F7FD00A04785 /* CopyFiles */ = {
			isa = PBXCopyFilesBuildPhase;
			buildActionMask = 2147483647;
			dstPath = /usr/share/man/man1/;
			dstSubfolderSpec = 0;
			files = (
			);
			runOnlyForDeploymentPostprocessing = 1;
		};
/* End PBXCopyFilesBuildPhase section */

/* Begin PBXFileReference section */
		FB5A712E1F88F7FD00A04785 /* MinimumCoinsProblem */ = {isa = PBXFileReference; explicitFileType = "compiled.mach-o.executable"; includeInIndex = 0; path = MinimumCoinsProblem; sourceTree = BUILT_PRODUCTS_DIR; };
		FB5A71311F88F7FD00A04785 /* main.swift */ = {isa = PBXFileReference; lastKnownFileType = sourcecode.swift; path = main.swift; sourceTree = "<group>"; };
		FB5A71381F88F82A00A04785 /* Exchanger.swift */ = {isa = PBXFileReference; lastKnownFileType = sourcecode.swift; name = Exchanger.swift; path = ../../Exchanger.swift; sourceTree = "<group>"; };
		FB5A713A1F88F99F00A04785 /* String.swift */ = {isa = PBXFileReference; lastKnownFileType = sourcecode.swift; path = String.swift; sourceTree = "<group>"; };
		FB5A71401F89073400A04785 /* ExchangeConsole.swift */ = {isa = PBXFileReference; lastKnownFileType = sourcecode.swift; path = ExchangeConsole.swift; sourceTree = "<group>"; };
		FB5A71441F89094700A04785 /* Counter.swift */ = {isa = PBXFileReference; lastKnownFileType = sourcecode.swift; path = Counter.swift; sourceTree = "<group>"; };
		FB5A71461F890EA200A04785 /* Defaults.swift */ = {isa = PBXFileReference; lastKnownFileType = sourcecode.swift; path = Defaults.swift; sourceTree = "<group>"; };
		FB5A71481F890F9100A04785 /* README.md */ = {isa = PBXFileReference; lastKnownFileType = net.daringfireball.markdown; name = README.md; path = ../README.md; sourceTree = "<group>"; };
/* End PBXFileReference section */

/* Begin PBXFrameworksBuildPhase section */
		FB5A712B1F88F7FD00A04785 /* Frameworks */ = {
			isa = PBXFrameworksBuildPhase;
			buildActionMask = 2147483647;
			files = (
			);
			runOnlyForDeploymentPostprocessing = 0;
		};
/* End PBXFrameworksBuildPhase section */

/* Begin PBXGroup section */
		FB5A71251F88F7FD00A04785 = {
			isa = PBXGroup;
			children = (
				FB5A71481F890F9100A04785 /* README.md */,
				FB5A71301F88F7FD00A04785 /* MinimumCoinsProblem */,
				FB5A712F1F88F7FD00A04785 /* Products */,
			);
			sourceTree = "<group>";
		};
		FB5A712F1F88F7FD00A04785 /* Products */ = {
			isa = PBXGroup;
			children = (
				FB5A712E1F88F7FD00A04785 /* MinimumCoinsProblem */,
			);
			name = Products;
			sourceTree = "<group>";
		};
		FB5A71301F88F7FD00A04785 /* MinimumCoinsProblem */ = {
			isa = PBXGroup;
			children = (
				FB5A713F1F89072800A04785 /* Helpers */,
				FB5A713E1F88FADE00A04785 /* Extensions */,
				FB5A71381F88F82A00A04785 /* Exchanger.swift */,
				FB5A71461F890EA200A04785 /* Defaults.swift */,
				FB5A71311F88F7FD00A04785 /* main.swift */,
			);
			path = MinimumCoinsProblem;
			sourceTree = "<group>";
		};
		FB5A713E1F88FADE00A04785 /* Extensions */ = {
			isa = PBXGroup;
			children = (
				FB5A713A1F88F99F00A04785 /* String.swift */,
			);
			path = Extensions;
			sourceTree = "<group>";
		};
		FB5A713F1F89072800A04785 /* Helpers */ = {
			isa = PBXGroup;
			children = (
				FB5A71401F89073400A04785 /* ExchangeConsole.swift */,
				FB5A71441F89094700A04785 /* Counter.swift */,
			);
			path = Helpers;
			sourceTree = "<group>";
		};
/* End PBXGroup section */

/* Begin PBXNativeTarget section */
		FB5A712D1F88F7FD00A04785 /* MinimumCoinsProblem */ = {
			isa = PBXNativeTarget;
			buildConfigurationList = FB5A71351F88F7FD00A04785 /* Build configuration list for PBXNativeTarget "MinimumCoinsProblem" */;
			buildPhases = (
				FB5A712A1F88F7FD00A04785 /* Sources */,
				FB5A712B1F88F7FD00A04785 /* Frameworks */,
				FB5A712C1F88F7FD00A04785 /* CopyFiles */,
			);
			buildRules = (
			);
			dependencies = (
			);
			name = MinimumCoinsProblem;
			productName = MinimumCoinsProblem;
			productReference = FB5A712E1F88F7FD00A04785 /* MinimumCoinsProblem */;
			productType = "com.apple.product-type.tool";
		};
/* End PBXNativeTarget section */

/* Begin PBXProject section */
		FB5A71261F88F7FD00A04785 /* Project object */ = {
			isa = PBXProject;
			attributes = {
				LastSwiftUpdateCheck = 0900;
				LastUpgradeCheck = 0900;
				ORGANIZATIONNAME = "Marius Ilie - G. 243";
				TargetAttributes = {
					FB5A712D1F88F7FD00A04785 = {
						CreatedOnToolsVersion = 9.0;
						ProvisioningStyle = Automatic;
					};
				};
			};
			buildConfigurationList = FB5A71291F88F7FD00A04785 /* Build configuration list for PBXProject "MinimumCoinsProblem" */;
			compatibilityVersion = "Xcode 8.0";
			developmentRegion = en;
			hasScannedForEncodings = 0;
			knownRegions = (
				en,
			);
			mainGroup = FB5A71251F88F7FD00A04785;
			productRefGroup = FB5A712F1F88F7FD00A04785 /* Products */;
			projectDirPath = "";
			projectRoot = "";
			targets = (
				FB5A712D1F88F7FD00A04785 /* MinimumCoinsProblem */,
			);
		};
/* End PBXProject section */

/* Begin PBXSourcesBuildPhase section */
		FB5A712A1F88F7FD00A04785 /* Sources */ = {
			isa = PBXSourcesBuildPhase;
			buildActionMask = 2147483647;
			files = (
				FB5A71451F89094700A04785 /* Counter.swift in Sources */,
				FB5A71321F88F7FD00A04785 /* main.swift in Sources */,
				FB5A713B1F88F99F00A04785 /* String.swift in Sources */,
				FB5A71471F890EA200A04785 /* Defaults.swift in Sources */,
				FB5A71391F88F82A00A04785 /* Exchanger.swift in Sources */,
				FB5A71411F89073400A04785 /* ExchangeConsole.swift in Sources */,
			);
			runOnlyForDeploymentPostprocessing = 0;
		};
/* End PBXSourcesBuildPhase section */

/* Begin XCBuildConfiguration section */
		FB5A71331F88F7FD00A04785 /* Debug */ = {
			isa = XCBuildConfiguration;
			buildSettings = {
				ALWAYS_SEARCH_USER_PATHS = NO;
				CLANG_ANALYZER_NONNULL = YES;
				CLANG_ANALYZER_NUMBER_OBJECT_CONVERSION = YES_AGGRESSIVE;
				CLANG_CXX_LANGUAGE_STANDARD = "gnu++14";
				CLANG_CXX_LIBRARY = "libc++";
				CLANG_ENABLE_MODULES = YES;
				CLANG_ENABLE_OBJC_ARC = YES;
				CLANG_WARN_BLOCK_CAPTURE_AUTORELEASING = YES;
				CLANG_WARN_BOOL_CONVERSION = YES;
				CLANG_WARN_COMMA = YES;
				CLANG_WARN_CONSTANT_CONVERSION = YES;
				CLANG_WARN_DIRECT_OBJC_ISA_USAGE = YES_ERROR;
				CLANG_WARN_DOCUMENTATION_COMMENTS = YES;
				CLANG_WARN_EMPTY_BODY = YES;
				CLANG_WARN_ENUM_CONVERSION = YES;
				CLANG_WARN_INFINITE_RECURSION = YES;
				CLANG_WARN_INT_CONVERSION = YES;
				CLANG_WARN_NON_LITERAL_NULL_CONVERSION = YES;
				CLANG_WARN_OBJC_LITERAL_CONVERSION = YES;
				CLANG_WARN_OBJC_ROOT_CLASS = YES_ERROR;
				CLANG_WARN_RANGE_LOOP_ANALYSIS = YES;
				CLANG_WARN_STRICT_PROTOTYPES = YES;
				CLANG_WARN_SUSPICIOUS_MOVE = YES;
				CLANG_WARN_UNGUARDED_AVAILABILITY = YES_AGGRESSIVE;
				CLANG_WARN_UNREACHABLE_CODE = YES;
				CLANG_WARN__DUPLICATE_METHOD_MATCH = YES;
				CODE_SIGN_IDENTITY = "Mac Developer";
				COPY_PHASE_STRIP = NO;
				DEBUG_INFORMATION_FORMAT = dwarf;
				ENABLE_STRICT_OBJC_MSGSEND = YES;
				ENABLE_TESTABILITY = YES;
				GCC_C_LANGUAGE_STANDARD = gnu11;
				GCC_DYNAMIC_NO_PIC = NO;
				GCC_NO_COMMON_BLOCKS = YES;
				GCC_OPTIMIZATION_LEVEL = 0;
				GCC_PREPROCESSOR_DEFINITIONS = (
					"DEBUG=1",
					"$(inherited)",
				);
				GCC_WARN_64_TO_32_BIT_CONVERSION = YES;
				GCC_WARN_ABOUT_RETURN_TYPE = YES_ERROR;
				GCC_WARN_UNDECLARED_SELECTOR = YES;
				GCC_WARN_UNINITIALIZED_AUTOS = YES_AGGRESSIVE;
				GCC_WARN_UNUSED_FUNCTION = YES;
				GCC_WARN_UNUSED_VARIABLE = YES;
				MACOSX_DEPLOYMENT_TARGET = 10.13;
				MTL_ENABLE_DEBUG_INFO = YES;
				ONLY_ACTIVE_ARCH = YES;
				SDKROOT = macosx;
				SWIFT_ACTIVE_COMPILATION_CONDITIONS = DEBUG;
				SWIFT_OPTIMIZATION_LEVEL = "-Onone";
			};
			name = Debug;
		};
		FB5A71341F88F7FD00A04785 /* Release */ = {
			isa = XCBuildConfiguration;
			buildSettings = {
				ALWAYS_SEARCH_USER_PATHS = NO;
				CLANG_ANALYZER_NONNULL = YES;
				CLANG_ANALYZER_NUMBER_OBJECT_CONVERSION = YES_AGGRESSIVE;
				CLANG_CXX_LANGUAGE_STANDARD = "gnu++14";
				CLANG_CXX_LIBRARY = "libc++";
				CLANG_ENABLE_MODULES = YES;
				CLANG_ENABLE_OBJC_ARC = YES;
				CLANG_WARN_BLOCK_CAPTURE_AUTORELEASING = YES;
				CLANG_WARN_BOOL_CONVERSION = YES;
				CLANG_WARN_COMMA = YES;
				CLANG_WARN_CONSTANT_CONVERSION = YES;
				CLANG_WARN_DIRECT_OBJC_ISA_USAGE = YES_ERROR;
				CLANG_WARN_DOCUMENTATION_COMMENTS = YES;
				CLANG_WARN_EMPTY_BODY = YES;
				CLANG_WARN_ENUM_CONVERSION = YES;
				CLANG_WARN_INFINITE_RECURSION = YES;
				CLANG_WARN_INT_CONVERSION = YES;
				CLANG_WARN_NON_LITERAL_NULL_CONVERSION = YES;
				CLANG_WARN_OBJC_LITERAL_CONVERSION = YES;
				CLANG_WARN_OBJC_ROOT_CLASS = YES_ERROR;
				CLANG_WARN_RANGE_LOOP_ANALYSIS = YES;
				CLANG_WARN_STRICT_PROTOTYPES = YES;
				CLANG_WARN_SUSPICIOUS_MOVE = YES;
				CLANG_WARN_UNGUARDED_AVAILABILITY = YES_AGGRESSIVE;
				CLANG_WARN_UNREACHABLE_CODE = YES;
				CLANG_WARN__DUPLICATE_METHOD_MATCH = YES;
				CODE_SIGN_IDENTITY = "Mac Developer";
				COPY_PHASE_STRIP = NO;
				DEBUG_INFORMATION_FORMAT = "dwarf-with-dsym";
				ENABLE_NS_ASSERTIONS = NO;
				ENABLE_STRICT_OBJC_MSGSEND = YES;
				GCC_C_LANGUAGE_STANDARD = gnu11;
				GCC_NO_COMMON_BLOCKS = YES;
				GCC_WARN_64_TO_32_BIT_CONVERSION = YES;
				GCC_WARN_ABOUT_RETURN_TYPE = YES_ERROR;
				GCC_WARN_UNDECLARED_SELECTOR = YES;
				GCC_WARN_UNINITIALIZED_AUTOS = YES_AGGRESSIVE;
				GCC_WARN_UNUSED_FUNCTION = YES;
				GCC_WARN_UNUSED_VARIABLE = YES;
				MACOSX_DEPLOYMENT_TARGET = 10.13;
				MTL_ENABLE_DEBUG_INFO = NO;
				SDKROOT = macosx;
				SWIFT_OPTIMIZATION_LEVEL = "-Owholemodule";
			};
			name = Release;
		};
		FB5A71361F88F7FD00A04785 /* Debug */ = {
			isa = XCBuildConfiguration;
			buildSettings = {
				CODE_SIGN_STYLE = Automatic;
				DEVELOPMENT_TEAM = 9X7T8N5RV7;
				PRODUCT_NAME = "$(TARGET_NAME)";
				SWIFT_VERSION = 4.0;
			};
			name = Debug;
		};
		FB5A71371F88F7FD00A04785 /* Release */ = {
			isa = XCBuildConfiguration;
			buildSettings = {
				CODE_SIGN_STYLE = Automatic;
				DEVELOPMENT_TEAM = 9X7T8N5RV7;
				PRODUCT_NAME = "$(TARGET_NAME)";
				SWIFT_VERSION = 4.0;
			};
			name = Release;
		};
/* End XCBuildConfiguration section */

/* Begin XCConfigurationList section */
		FB5A71291F88F7FD00A04785 /* Build configuration list for PBXProject "MinimumCoinsProblem" */ = {
			isa = XCConfigurationList;
			buildConfigurations = (
				FB5A71331F88F7FD00A04785 /* Debug */,
				FB5A71341F88F7FD00A04785 /* Release */,
			);
			defaultConfigurationIsVisible = 0;
			defaultConfigurationName = Release;
		};
		FB5A71351F88F7FD00A04785 /* Build configuration list for PBXNativeTarget "MinimumCoinsProblem" */ = {
			isa = XCConfigurationList;
			buildConfigurations = (
				FB5A71361F88F7FD00A04785 /* Debug */,
				FB5A71371F88F7FD00A04785 /* Release */,
			);
			defaultConfigurationIsVisible = 0;
			defaultConfigurationName = Release;
		};
/* End XCConfigurationList section */
	};
	rootObject = FB5A71261F88F7FD00A04785 /* Project object */;
}
